
Microsoft Visual Studio Solution File, Format Version 12.00
# Visual Studio Version 16
VisualStudioVersion = 16.0.30611.23
MinimumVisualStudioVersion = 10.0.40219.1
Project("{9A19103F-16F7-4668-BE54-9A1E7A4F7556}") = "Lab3", "Lab3.csproj", "{F4DAF23F-276D-4D67-BF27-4DF8F099AC32}"
EndProject
Global
	GlobalSection(SolutionConfigurationPlatforms) = preSolution
		Debug|Any CPU = Debug|Any CPU
		Release|Any CPU = Release|Any CPU
	EndGlobalSection
	GlobalSection(ProjectConfigurationPlatforms) = postSolution
		{F4DAF23F-276D-4D67-BF27-4DF8F099AC32}.Debug|Any CPU.ActiveCfg = Debug|Any CPU
		{F4DAF23F-276D-4D67-BF27-4DF8F099AC32}.Debug|Any CPU.Build.0 = Debug|Any CPU
		{F4DAF23F-276D-4D67-BF27-4DF8F099AC32}.Release|Any CPU.ActiveCfg = Release|Any CPU
		{F4DAF23F-276D-4D67-BF27-4DF8F099AC32}.Release|Any CPU.Build.0 = Release|Any CPU
		{E8A00B38-EE18-4274-9ABE-D9CBE23E07C3}.Debug|Any CPU.ActiveCfg = Debug|Any CPU
		{E8A00B38-EE18-4274-9ABE-D9CBE23E07C3}.Debug|Any CPU.Build.0 = Debug|Any CPU
		{E8A00B38-EE18-4274-9ABE-D9CBE23E07C3}.Release|Any CPU.ActiveCfg = Release|Any CPU
		{E8A00B38-EE18-4274-9ABE-D9CBE23E07C3}.Release|Any CPU.Build.0 = Release|Any CPU
	EndGlobalSection
	GlobalSection(SolutionProperties) = preSolution
		HideSolutionNode = FALSE
	EndGlobalSection
	GlobalSection(ExtensibilityGlobals) = postSolution
		SolutionGuid = {CD16888A-A5EA-4E93-BEA3-756474CF76F6}
	EndGlobalSection
EndGlobal
